dependencies:
  1602_driver:
    dependencies: []
    source:
      path: E:\ESPprojects\component_folder\components\1602_driver
      type: local
    version: '*'
  idf:
    source:
      type: idf
    version: 5.4.0
direct_dependencies:
- 1602_driver
manifest_hash: e73fb0447475df5f7141421adb78996d44ddb335e96752acf4ae103dc3ab34fe
target: esp32
version: 2.0.0
