dependencies:
  idf:
    source:
      type: idf
    version: 5.4.0
  vgerwen/lcd1602:
    dependencies:
    - name: idf
      version: '>=4.4.0'
    source:
      path: E:\ESPprojects\component_folder\components\lcd1602
      type: local
    version: 0.0.1
direct_dependencies:
- vgerwen/lcd1602
manifest_hash: 24fcdcf6b492bb27d6eb9b7eb201e6903bc09d10ad2873fa9b780403fefbc447
target: esp32
version: 2.0.0
