dependencies:
  1602_driver:
    dependencies: []
    source:
      path: E:\ESPprojects\component_folder\components\1602_driver
      type: local
    version: '*'
  idf:
    source:
      type: idf
    version: 5.4.0
direct_dependencies:
- 1602_driver
manifest_hash: 2af0a1745091686b6ca5b928d4db7a634de18e3f964136ade2bb9421921152ba
target: esp32
version: 2.0.0
